
Microsoft Visual Studio Solution File, Format Version 12.00
# Visual Studio Version 17
VisualStudioVersion = 17.4.33205.214
MinimumVisualStudioVersion = 10.0.40219.1
Project("{FAE04EC0-301F-11D3-BF4B-00C04F79EFBC}") = "MyFirst2", "MyFirst2\MyFirst2.csproj", "{65913F04-B47E-4EF6-BEA8-C61F31676D0F}"
EndProject
Global
	GlobalSection(SolutionConfigurationPlatforms) = preSolution
		Debug|Any CPU = Debug|Any CPU
		Release|Any CPU = Release|Any CPU
	EndGlobalSection
	GlobalSection(ProjectConfigurationPlatforms) = postSolution
		{65913F04-B47E-4EF6-BEA8-C61F31676D0F}.Debug|Any CPU.ActiveCfg = Debug|Any CPU
		{65913F04-B47E-4EF6-BEA8-C61F31676D0F}.Debug|Any CPU.Build.0 = Debug|Any CPU
		{65913F04-B47E-4EF6-BEA8-C61F31676D0F}.Release|Any CPU.ActiveCfg = Release|Any CPU
		{65913F04-B47E-4EF6-BEA8-C61F31676D0F}.Release|Any CPU.Build.0 = Release|Any CPU
	EndGlobalSection
	GlobalSection(SolutionProperties) = preSolution
		HideSolutionNode = FALSE
	EndGlobalSection
	GlobalSection(ExtensibilityGlobals) = postSolution
		SolutionGuid = {DD8D120D-CE36-4E9D-A86E-91F6145145FB}
	EndGlobalSection
EndGlobal
